
Microsoft Visual Studio Solution File, Format Version 12.00
# Visual Studio Version 16
VisualStudioVersion = 16.0.30717.126
MinimumVisualStudioVersion = 10.0.40219.1
Project("{FAE04EC0-301F-11D3-BF4B-00C04F79EFBC}") = "Homework5.2", "Homework5.2\Homework5.2.csproj", "{D6E4FB14-88C1-41BF-A1A6-FDB3CEC5987E}"
EndProject
Global
	GlobalSection(SolutionConfigurationPlatforms) = preSolution
		Debug|Any CPU = Debug|Any CPU
		Release|Any CPU = Release|Any CPU
	EndGlobalSection
	GlobalSection(ProjectConfigurationPlatforms) = postSolution
		{D6E4FB14-88C1-41BF-A1A6-FDB3CEC5987E}.Debug|Any CPU.ActiveCfg = Debug|Any CPU
		{D6E4FB14-88C1-41BF-A1A6-FDB3CEC5987E}.Debug|Any CPU.Build.0 = Debug|Any CPU
		{D6E4FB14-88C1-41BF-A1A6-FDB3CEC5987E}.Release|Any CPU.ActiveCfg = Release|Any CPU
		{D6E4FB14-88C1-41BF-A1A6-FDB3CEC5987E}.Release|Any CPU.Build.0 = Release|Any CPU
	EndGlobalSection
	GlobalSection(SolutionProperties) = preSolution
		HideSolutionNode = FALSE
	EndGlobalSection
	GlobalSection(ExtensibilityGlobals) = postSolution
		SolutionGuid = {15035F31-57D2-4AB5-B8EB-C50BE66652DF}
	EndGlobalSection
EndGlobal
